
Microsoft Visual Studio Solution File, Format Version 12.00
# Visual Studio Version 16
VisualStudioVersion = 16.0.28803.202
MinimumVisualStudioVersion = 10.0.40219.1
Project("{FAE04EC0-301F-11D3-BF4B-00C04F79EFBC}") = "ExtensionMethodsDemo", "ExtensionMethodsDemo\ExtensionMethodsDemo.csproj", "{9EBA8E03-6F63-47DD-89D5-DFCAC2F88A5C}"
EndProject
Project("{FAE04EC0-301F-11D3-BF4B-00C04F79EFBC}") = "MathLib", "MathLib\MathLib.csproj", "{8B8DBAEC-D04F-496B-820B-062B0F2437C6}"
EndProject
Global
	GlobalSection(SolutionConfigurationPlatforms) = preSolution
		Debug|Any CPU = Debug|Any CPU
		Release|Any CPU = Release|Any CPU
	EndGlobalSection
	GlobalSection(ProjectConfigurationPlatforms) = postSolution
		{9EBA8E03-6F63-47DD-89D5-DFCAC2F88A5C}.Debug|Any CPU.ActiveCfg = Debug|Any CPU
		{9EBA8E03-6F63-47DD-89D5-DFCAC2F88A5C}.Debug|Any CPU.Build.0 = Debug|Any CPU
		{9EBA8E03-6F63-47DD-89D5-DFCAC2F88A5C}.Release|Any CPU.ActiveCfg = Release|Any CPU
		{9EBA8E03-6F63-47DD-89D5-DFCAC2F88A5C}.Release|Any CPU.Build.0 = Release|Any CPU
		{8B8DBAEC-D04F-496B-820B-062B0F2437C6}.Debug|Any CPU.ActiveCfg = Debug|Any CPU
		{8B8DBAEC-D04F-496B-820B-062B0F2437C6}.Debug|Any CPU.Build.0 = Debug|Any CPU
		{8B8DBAEC-D04F-496B-820B-062B0F2437C6}.Release|Any CPU.ActiveCfg = Release|Any CPU
		{8B8DBAEC-D04F-496B-820B-062B0F2437C6}.Release|Any CPU.Build.0 = Release|Any CPU
	EndGlobalSection
	GlobalSection(SolutionProperties) = preSolution
		HideSolutionNode = FALSE
	EndGlobalSection
	GlobalSection(ExtensibilityGlobals) = postSolution
		SolutionGuid = {D56B2175-C162-4C8E-A712-2D8C79CC9917}
	EndGlobalSection
EndGlobal
